
Microsoft Visual Studio Solution File, Format Version 12.00
# Visual Studio Version 17
VisualStudioVersion = 17.3.32922.545
MinimumVisualStudioVersion = 10.0.40219.1
Project("{FAE04EC0-301F-11D3-BF4B-00C04F79EFBC}") = "OOP_Ornek", "OOP_Ornek\OOP_Ornek.csproj", "{F89E3124-9086-4D05-9D17-EDDEAF887639}"
EndProject
Global
	GlobalSection(SolutionConfigurationPlatforms) = preSolution
		Debug|Any CPU = Debug|Any CPU
		Release|Any CPU = Release|Any CPU
	EndGlobalSection
	GlobalSection(ProjectConfigurationPlatforms) = postSolution
		{F89E3124-9086-4D05-9D17-EDDEAF887639}.Debug|Any CPU.ActiveCfg = Debug|Any CPU
		{F89E3124-9086-4D05-9D17-EDDEAF887639}.Debug|Any CPU.Build.0 = Debug|Any CPU
		{F89E3124-9086-4D05-9D17-EDDEAF887639}.Release|Any CPU.ActiveCfg = Release|Any CPU
		{F89E3124-9086-4D05-9D17-EDDEAF887639}.Release|Any CPU.Build.0 = Release|Any CPU
	EndGlobalSection
	GlobalSection(SolutionProperties) = preSolution
		HideSolutionNode = FALSE
	EndGlobalSection
	GlobalSection(ExtensibilityGlobals) = postSolution
		SolutionGuid = {0B9D0E14-FA37-4ED0-BBFB-ACCA0D6E0595}
	EndGlobalSection
EndGlobal
